// !$*UTF8*$!
{
	archiveVersion = 1;
	classes = {
	};
	objectVersion = 56;
	objects = {

/* Begin PBXBuildFile section */
		ABDDAD162BA14D2600C198C1 /* IOS_Quiz_AppApp.swift in Sources */ = {isa = PBXBuildFile; fileRef = ABDDAD152BA14D2600C198C1 /* IOS_Quiz_AppApp.swift */; };
		ABDDAD182BA14D2600C198C1 /* ContentView.swift in Sources */ = {isa = PBXBuildFile; fileRef = ABDDAD172BA14D2600C198C1 /* ContentView.swift */; };
		ABDDAD1A2BA14D2700C198C1 /* Assets.xcassets in Resources */ = {isa = PBXBuildFile; fileRef = ABDDAD192BA14D2700C198C1 /* Assets.xcassets */; };
		ABDDAD1D2BA14D2700C198C1 /* Preview Assets.xcassets in Resources */ = {isa = PBXBuildFile; fileRef = ABDDAD1C2BA14D2700C198C1 /* Preview Assets.xcassets */; };
		ABDDAD272BA14F6800C198C1 /* Question.swift in Sources */ = {isa = PBXBuildFile; fileRef = ABDDAD262BA14F6800C198C1 /* Question.swift */; };
		ABDDAD292BA14F7B00C198C1 /* QuizType.swift in Sources */ = {isa = PBXBuildFile; fileRef = ABDDAD282BA14F7B00C198C1 /* QuizType.swift */; };
		ABDDAD2B2BA14F9300C198C1 /* Quiz.swift in Sources */ = {isa = PBXBuildFile; fileRef = ABDDAD2A2BA14F9300C198C1 /* Quiz.swift */; };
		ABDDAD2D2BA152F000C198C1 /* QuizViewModel.swift in Sources */ = {isa = PBXBuildFile; fileRef = ABDDAD2C2BA152F000C198C1 /* QuizViewModel.swift */; };
		ABDDAD2F2BA1622D00C198C1 /* WelcomeView.swift in Sources */ = {isa = PBXBuildFile; fileRef = ABDDAD2E2BA1622D00C198C1 /* WelcomeView.swift */; };
		ABDDAD312BA1623B00C198C1 /* QuestionView.swift in Sources */ = {isa = PBXBuildFile; fileRef = ABDDAD302BA1623B00C198C1 /* QuestionView.swift */; };
		ABDDAD332BA1624900C198C1 /* ScoreView.swift in Sources */ = {isa = PBXBuildFile; fileRef = ABDDAD322BA1624900C198C1 /* ScoreView.swift */; };
/* End PBXBuildFile section */

/* Begin PBXFileReference section */
		ABDDAD122BA14D2600C198C1 /* IOS Quiz App.app */ = {isa = PBXFileReference; explicitFileType = wrapper.application; includeInIndex = 0; path = "IOS Quiz App.app"; sourceTree = BUILT_PRODUCTS_DIR; };
		ABDDAD152BA14D2600C198C1 /* IOS_Quiz_AppApp.swift */ = {isa = PBXFileReference; lastKnownFileType = sourcecode.swift; path = IOS_Quiz_AppApp.swift; sourceTree = "<group>"; };
		ABDDAD172BA14D2600C198C1 /* ContentView.swift */ = {isa = PBXFileReference; lastKnownFileType = sourcecode.swift; path = ContentView.swift; sourceTree = "<group>"; };
		ABDDAD192BA14D2700C198C1 /* Assets.xcassets */ = {isa = PBXFileReference; lastKnownFileType = folder.assetcatalog; path = Assets.xcassets; sourceTree = "<group>"; };
		ABDDAD1C2BA14D2700C198C1 /* Preview Assets.xcassets */ = {isa = PBXFileReference; lastKnownFileType = folder.assetcatalog; path = "Preview Assets.xcassets"; sourceTree = "<group>"; };
		ABDDAD262BA14F6800C198C1 /* Question.swift */ = {isa = PBXFileReference; lastKnownFileType = sourcecode.swift; path = Question.swift; sourceTree = "<group>"; };
		ABDDAD282BA14F7B00C198C1 /* QuizType.swift */ = {isa = PBXFileReference; lastKnownFileType = sourcecode.swift; path = QuizType.swift; sourceTree = "<group>"; };
		ABDDAD2A2BA14F9300C198C1 /* Quiz.swift */ = {isa = PBXFileReference; lastKnownFileType = sourcecode.swift; path = Quiz.swift; sourceTree = "<group>"; };
		ABDDAD2C2BA152F000C198C1 /* QuizViewModel.swift */ = {isa = PBXFileReference; lastKnownFileType = sourcecode.swift; path = QuizViewModel.swift; sourceTree = "<group>"; };
		ABDDAD2E2BA1622D00C198C1 /* WelcomeView.swift */ = {isa = PBXFileReference; lastKnownFileType = sourcecode.swift; path = WelcomeView.swift; sourceTree = "<group>"; };
		ABDDAD302BA1623B00C198C1 /* QuestionView.swift */ = {isa = PBXFileReference; lastKnownFileType = sourcecode.swift; path = QuestionView.swift; sourceTree = "<group>"; };
		ABDDAD322BA1624900C198C1 /* ScoreView.swift */ = {isa = PBXFileReference; lastKnownFileType = sourcecode.swift; path = ScoreView.swift; sourceTree = "<group>"; };
/* End PBXFileReference section */

/* Begin PBXFrameworksBuildPhase section */
		ABDDAD0F2BA14D2600C198C1 /* Frameworks */ = {
			isa = PBXFrameworksBuildPhase;
			buildActionMask = 2147483647;
			files = (
			);
			runOnlyForDeploymentPostprocessing = 0;
		};
/* End PBXFrameworksBuildPhase section */

/* Begin PBXGroup section */
		ABDDAD092BA14D2600C198C1 = {
			isa = PBXGroup;
			children = (
				ABDDAD142BA14D2600C198C1 /* IOS Quiz App */,
				ABDDAD132BA14D2600C198C1 /* Products */,
			);
			sourceTree = "<group>";
		};
		ABDDAD132BA14D2600C198C1 /* Products */ = {
			isa = PBXGroup;
			children = (
				ABDDAD122BA14D2600C198C1 /* IOS Quiz App.app */,
			);
			name = Products;
			sourceTree = "<group>";
		};
		ABDDAD142BA14D2600C198C1 /* IOS Quiz App */ = {
			isa = PBXGroup;
			children = (
				ABDDAD152BA14D2600C198C1 /* IOS_Quiz_AppApp.swift */,
				ABDDAD172BA14D2600C198C1 /* ContentView.swift */,
				ABDDAD252BA14F2900C198C1 /* ViewModels */,
				ABDDAD242BA14F1E00C198C1 /* Views */,
				ABDDAD232BA14F0E00C198C1 /* Models */,
				ABDDAD192BA14D2700C198C1 /* Assets.xcassets */,
				ABDDAD1B2BA14D2700C198C1 /* Preview Content */,
			);
			path = "IOS Quiz App";
			sourceTree = "<group>";
		};
		ABDDAD1B2BA14D2700C198C1 /* Preview Content */ = {
			isa = PBXGroup;
			children = (
				ABDDAD1C2BA14D2700C198C1 /* Preview Assets.xcassets */,
			);
			path = "Preview Content";
			sourceTree = "<group>";
		};
		ABDDAD232BA14F0E00C198C1 /* Models */ = {
			isa = PBXGroup;
			children = (
				ABDDAD262BA14F6800C198C1 /* Question.swift */,
				ABDDAD282BA14F7B00C198C1 /* QuizType.swift */,
				ABDDAD2A2BA14F9300C198C1 /* Quiz.swift */,
			);
			path = Models;
			sourceTree = "<group>";
		};
		ABDDAD242BA14F1E00C198C1 /* Views */ = {
			isa = PBXGroup;
			children = (
				ABDDAD2E2BA1622D00C198C1 /* WelcomeView.swift */,
				ABDDAD302BA1623B00C198C1 /* QuestionView.swift */,
				ABDDAD322BA1624900C198C1 /* ScoreView.swift */,
			);
			path = Views;
			sourceTree = "<group>";
		};
		ABDDAD252BA14F2900C198C1 /* ViewModels */ = {
			isa = PBXGroup;
			children = (
				ABDDAD2C2BA152F000C198C1 /* QuizViewModel.swift */,
			);
			path = ViewModels;
			sourceTree = "<group>";
		};
/* End PBXGroup section */

/* Begin PBXNativeTarget section */
		ABDDAD112BA14D2600C198C1 /* IOS Quiz App */ = {
			isa = PBXNativeTarget;
			buildConfigurationList = ABDDAD202BA14D2700C198C1 /* Build configuration list for PBXNativeTarget "IOS Quiz App" */;
			buildPhases = (
				ABDDAD0E2BA14D2600C198C1 /* Sources */,
				ABDDAD0F2BA14D2600C198C1 /* Frameworks */,
				ABDDAD102BA14D2600C198C1 /* Resources */,
			);
			buildRules = (
			);
			dependencies = (
			);
			name = "IOS Quiz App";
			productName = "IOS Quiz App";
			productReference = ABDDAD122BA14D2600C198C1 /* IOS Quiz App.app */;
			productType = "com.apple.product-type.application";
		};
/* End PBXNativeTarget section */

/* Begin PBXProject section */
		ABDDAD0A2BA14D2600C198C1 /* Project object */ = {
			isa = PBXProject;
			attributes = {
				BuildIndependentTargetsInParallel = 1;
				LastSwiftUpdateCheck = 1530;
				LastUpgradeCheck = 1530;
				TargetAttributes = {
					ABDDAD112BA14D2600C198C1 = {
						CreatedOnToolsVersion = 15.3;
					};
				};
			};
			buildConfigurationList = ABDDAD0D2BA14D2600C198C1 /* Build configuration list for PBXProject "IOS Quiz App" */;
			compatibilityVersion = "Xcode 14.0";
			developmentRegion = en;
			hasScannedForEncodings = 0;
			knownRegions = (
				en,
				Base,
			);
			mainGroup = ABDDAD092BA14D2600C198C1;
			productRefGroup = ABDDAD132BA14D2600C198C1 /* Products */;
			projectDirPath = "";
			projectRoot = "";
			targets = (
				ABDDAD112BA14D2600C198C1 /* IOS Quiz App */,
			);
		};
/* End PBXProject section */

/* Begin PBXResourcesBuildPhase section */
		ABDDAD102BA14D2600C198C1 /* Resources */ = {
			isa = PBXResourcesBuildPhase;
			buildActionMask = 2147483647;
			files = (
				ABDDAD1D2BA14D2700C198C1 /* Preview Assets.xcassets in Resources */,
				ABDDAD1A2BA14D2700C198C1 /* Assets.xcassets in Resources */,
			);
			runOnlyForDeploymentPostprocessing = 0;
		};
/* End PBXResourcesBuildPhase section */

/* Begin PBXSourcesBuildPhase section */
		ABDDAD0E2BA14D2600C198C1 /* Sources */ = {
			isa = PBXSourcesBuildPhase;
			buildActionMask = 2147483647;
			files = (
				ABDDAD312BA1623B00C198C1 /* QuestionView.swift in Sources */,
				ABDDAD292BA14F7B00C198C1 /* QuizType.swift in Sources */,
				ABDDAD332BA1624900C198C1 /* ScoreView.swift in Sources */,
				ABDDAD2B2BA14F9300C198C1 /* Quiz.swift in Sources */,
				ABDDAD272BA14F6800C198C1 /* Question.swift in Sources */,
				ABDDAD2D2BA152F000C198C1 /* QuizViewModel.swift in Sources */,
				ABDDAD182BA14D2600C198C1 /* ContentView.swift in Sources */,
				ABDDAD162BA14D2600C198C1 /* IOS_Quiz_AppApp.swift in Sources */,
				ABDDAD2F2BA1622D00C198C1 /* WelcomeView.swift in Sources */,
			);
			runOnlyForDeploymentPostprocessing = 0;
		};
/* End PBXSourcesBuildPhase section */

/* Begin XCBuildConfiguration section */
		ABDDAD1E2BA14D2700C198C1 /* Debug */ = {
			isa = XCBuildConfiguration;
			buildSettings = {
				ALWAYS_SEARCH_USER_PATHS = NO;
				ASSETCATALOG_COMPILER_GENERATE_SWIFT_ASSET_SYMBOL_EXTENSIONS = YES;
				CLANG_ANALYZER_NONNULL = YES;
				CLANG_ANALYZER_NUMBER_OBJECT_CONVERSION = YES_AGGRESSIVE;
				CLANG_CXX_LANGUAGE_STANDARD = "gnu++20";
				CLANG_ENABLE_MODULES = YES;
				CLANG_ENABLE_OBJC_ARC = YES;
				CLANG_ENABLE_OBJC_WEAK = YES;
				CLANG_WARN_BLOCK_CAPTURE_AUTORELEASING = YES;
				CLANG_WARN_BOOL_CONVERSION = YES;
				CLANG_WARN_COMMA = YES;
				CLANG_WARN_CONSTANT_CONVERSION = YES;
				CLANG_WARN_DEPRECATED_OBJC_IMPLEMENTATIONS = YES;
				CLANG_WARN_DIRECT_OBJC_ISA_USAGE = YES_ERROR;
				CLANG_WARN_DOCUMENTATION_COMMENTS = YES;
				CLANG_WARN_EMPTY_BODY = YES;
				CLANG_WARN_ENUM_CONVERSION = YES;
				CLANG_WARN_INFINITE_RECURSION = YES;
				CLANG_WARN_INT_CONVERSION = YES;
				CLANG_WARN_NON_LITERAL_NULL_CONVERSION = YES;
				CLANG_WARN_OBJC_IMPLICIT_RETAIN_SELF = YES;
				CLANG_WARN_OBJC_LITERAL_CONVERSION = YES;
				CLANG_WARN_OBJC_ROOT_CLASS = YES_ERROR;
				CLANG_WARN_QUOTED_INCLUDE_IN_FRAMEWORK_HEADER = YES;
				CLANG_WARN_RANGE_LOOP_ANALYSIS = YES;
				CLANG_WARN_STRICT_PROTOTYPES = YES;
				CLANG_WARN_SUSPICIOUS_MOVE = YES;
				CLANG_WARN_UNGUARDED_AVAILABILITY = YES_AGGRESSIVE;
				CLANG_WARN_UNREACHABLE_CODE = YES;
				CLANG_WARN__DUPLICATE_METHOD_MATCH = YES;
				COPY_PHASE_STRIP = NO;
				DEBUG_INFORMATION_FORMAT = dwarf;
				ENABLE_STRICT_OBJC_MSGSEND = YES;
				ENABLE_TESTABILITY = YES;
				ENABLE_USER_SCRIPT_SANDBOXING = YES;
				GCC_C_LANGUAGE_STANDARD = gnu17;
				GCC_DYNAMIC_NO_PIC = NO;
				GCC_NO_COMMON_BLOCKS = YES;
				GCC_OPTIMIZATION_LEVEL = 0;
				GCC_PREPROCESSOR_DEFINITIONS = (
					"DEBUG=1",
					"$(inherited)",
				);
				GCC_WARN_64_TO_32_BIT_CONVERSION = YES;
				GCC_WARN_ABOUT_RETURN_TYPE = YES_ERROR;
				GCC_WARN_UNDECLARED_SELECTOR = YES;
				GCC_WARN_UNINITIALIZED_AUTOS = YES_AGGRESSIVE;
				GCC_WARN_UNUSED_FUNCTION = YES;
				GCC_WARN_UNUSED_VARIABLE = YES;
				IPHONEOS_DEPLOYMENT_TARGET = 17.4;
				LOCALIZATION_PREFERS_STRING_CATALOGS = YES;
				MTL_ENABLE_DEBUG_INFO = INCLUDE_SOURCE;
				MTL_FAST_MATH = YES;
				ONLY_ACTIVE_ARCH = YES;
				SDKROOT = iphoneos;
				SWIFT_ACTIVE_COMPILATION_CONDITIONS = "DEBUG $(inherited)";
				SWIFT_OPTIMIZATION_LEVEL = "-Onone";
			};
			name = Debug;
		};
		ABDDAD1F2BA14D2700C198C1 /* Release */ = {
			isa = XCBuildConfiguration;
			buildSettings = {
				ALWAYS_SEARCH_USER_PATHS = NO;
				ASSETCATALOG_COMPILER_GENERATE_SWIFT_ASSET_SYMBOL_EXTENSIONS = YES;
				CLANG_ANALYZER_NONNULL = YES;
				CLANG_ANALYZER_NUMBER_OBJECT_CONVERSION = YES_AGGRESSIVE;
				CLANG_CXX_LANGUAGE_STANDARD = "gnu++20";
				CLANG_ENABLE_MODULES = YES;
				CLANG_ENABLE_OBJC_ARC = YES;
				CLANG_ENABLE_OBJC_WEAK = YES;
				CLANG_WARN_BLOCK_CAPTURE_AUTORELEASING = YES;
				CLANG_WARN_BOOL_CONVERSION = YES;
				CLANG_WARN_COMMA = YES;
				CLANG_WARN_CONSTANT_CONVERSION = YES;
				CLANG_WARN_DEPRECATED_OBJC_IMPLEMENTATIONS = YES;
				CLANG_WARN_DIRECT_OBJC_ISA_USAGE = YES_ERROR;
				CLANG_WARN_DOCUMENTATION_COMMENTS = YES;
				CLANG_WARN_EMPTY_BODY = YES;
				CLANG_WARN_ENUM_CONVERSION = YES;
				CLANG_WARN_INFINITE_RECURSION = YES;
				CLANG_WARN_INT_CONVERSION = YES;
				CLANG_WARN_NON_LITERAL_NULL_CONVERSION = YES;
				CLANG_WARN_OBJC_IMPLICIT_RETAIN_SELF = YES;
				CLANG_WARN_OBJC_LITERAL_CONVERSION = YES;
				CLANG_WARN_OBJC_ROOT_CLASS = YES_ERROR;
				CLANG_WARN_QUOTED_INCLUDE_IN_FRAMEWORK_HEADER = YES;
				CLANG_WARN_RANGE_LOOP_ANALYSIS = YES;
				CLANG_WARN_STRICT_PROTOTYPES = YES;
				CLANG_WARN_SUSPICIOUS_MOVE = YES;
				CLANG_WARN_UNGUARDED_AVAILABILITY = YES_AGGRESSIVE;
				CLANG_WARN_UNREACHABLE_CODE = YES;
				CLANG_WARN__DUPLICATE_METHOD_MATCH = YES;
				COPY_PHASE_STRIP = NO;
				DEBUG_INFORMATION_FORMAT = "dwarf-with-dsym";
				ENABLE_NS_ASSERTIONS = NO;
				ENABLE_STRICT_OBJC_MSGSEND = YES;
				ENABLE_USER_SCRIPT_SANDBOXING = YES;
				GCC_C_LANGUAGE_STANDARD = gnu17;
				GCC_NO_COMMON_BLOCKS = YES;
				GCC_WARN_64_TO_32_BIT_CONVERSION = YES;
				GCC_WARN_ABOUT_RETURN_TYPE = YES_ERROR;
				GCC_WARN_UNDECLARED_SELECTOR = YES;
				GCC_WARN_UNINITIALIZED_AUTOS = YES_AGGRESSIVE;
				GCC_WARN_UNUSED_FUNCTION = YES;
				GCC_WARN_UNUSED_VARIABLE = YES;
				IPHONEOS_DEPLOYMENT_TARGET = 17.4;
				LOCALIZATION_PREFERS_STRING_CATALOGS = YES;
				MTL_ENABLE_DEBUG_INFO = NO;
				MTL_FAST_MATH = YES;
				SDKROOT = iphoneos;
				SWIFT_COMPILATION_MODE = wholemodule;
				VALIDATE_PRODUCT = YES;
			};
			name = Release;
		};
		ABDDAD212BA14D2700C198C1 /* Debug */ = {
			isa = XCBuildConfiguration;
			buildSettings = {
				ASSETCATALOG_COMPILER_APPICON_NAME = AppIcon;
				ASSETCATALOG_COMPILER_GLOBAL_ACCENT_COLOR_NAME = AccentColor;
				CODE_SIGN_STYLE = Automatic;
				CURRENT_PROJECT_VERSION = 1;
				DEVELOPMENT_ASSET_PATHS = "\"IOS Quiz App/Preview Content\"";
				ENABLE_PREVIEWS = YES;
				GENERATE_INFOPLIST_FILE = YES;
				INFOPLIST_KEY_UIApplicationSceneManifest_Generation = YES;
				INFOPLIST_KEY_UIApplicationSupportsIndirectInputEvents = YES;
				INFOPLIST_KEY_UILaunchScreen_Generation = YES;
				INFOPLIST_KEY_UISupportedInterfaceOrientations_iPad = "UIInterfaceOrientationPortrait UIInterfaceOrientationPortraitUpsideDown UIInterfaceOrientationLandscapeLeft UIInterfaceOrientationLandscapeRight";
				INFOPLIST_KEY_UISupportedInterfaceOrientations_iPhone = "UIInterfaceOrientationPortrait UIInterfaceOrientationLandscapeLeft UIInterfaceOrientationLandscapeRight";
				LD_RUNPATH_SEARCH_PATHS = (
					"$(inherited)",
					"@executable_path/Frameworks",
				);
				MARKETING_VERSION = 1.0;
				PRODUCT_BUNDLE_IDENTIFIER = "com.Chase-Testwuide.IOS-Quiz-App";
				PRODUCT_NAME = "$(TARGET_NAME)";
				SWIFT_EMIT_LOC_STRINGS = YES;
				SWIFT_VERSION = 5.0;
				TARGETED_DEVICE_FAMILY = "1,2";
			};
			name = Debug;
		};
		ABDDAD222BA14D2700C198C1 /* Release */ = {
			isa = XCBuildConfiguration;
			buildSettings = {
				ASSETCATALOG_COMPILER_APPICON_NAME = AppIcon;
				ASSETCATALOG_COMPILER_GLOBAL_ACCENT_COLOR_NAME = AccentColor;
				CODE_SIGN_STYLE = Automatic;
				CURRENT_PROJECT_VERSION = 1;
				DEVELOPMENT_ASSET_PATHS = "\"IOS Quiz App/Preview Content\"";
				ENABLE_PREVIEWS = YES;
				GENERATE_INFOPLIST_FILE = YES;
				INFOPLIST_KEY_UIApplicationSceneManifest_Generation = YES;
				INFOPLIST_KEY_UIApplicationSupportsIndirectInputEvents = YES;
				INFOPLIST_KEY_UILaunchScreen_Generation = YES;
				INFOPLIST_KEY_UISupportedInterfaceOrientations_iPad = "UIInterfaceOrientationPortrait UIInterfaceOrientationPortraitUpsideDown UIInterfaceOrientationLandscapeLeft UIInterfaceOrientationLandscapeRight";
				INFOPLIST_KEY_UISupportedInterfaceOrientations_iPhone = "UIInterfaceOrientationPortrait UIInterfaceOrientationLandscapeLeft UIInterfaceOrientationLandscapeRight";
				LD_RUNPATH_SEARCH_PATHS = (
					"$(inherited)",
					"@executable_path/Frameworks",
				);
				MARKETING_VERSION = 1.0;
				PRODUCT_BUNDLE_IDENTIFIER = "com.Chase-Testwuide.IOS-Quiz-App";
				PRODUCT_NAME = "$(TARGET_NAME)";
				SWIFT_EMIT_LOC_STRINGS = YES;
				SWIFT_VERSION = 5.0;
				TARGETED_DEVICE_FAMILY = "1,2";
			};
			name = Release;
		};
/* End XCBuildConfiguration section */

/* Begin XCConfigurationList section */
		ABDDAD0D2BA14D2600C198C1 /* Build configuration list for PBXProject "IOS Quiz App" */ = {
			isa = XCConfigurationList;
			buildConfigurations = (
				ABDDAD1E2BA14D2700C198C1 /* Debug */,
				ABDDAD1F2BA14D2700C198C1 /* Release */,
			);
			defaultConfigurationIsVisible = 0;
			defaultConfigurationName = Release;
		};
		ABDDAD202BA14D2700C198C1 /* Build configuration list for PBXNativeTarget "IOS Quiz App" */ = {
			isa = XCConfigurationList;
			buildConfigurations = (
				ABDDAD212BA14D2700C198C1 /* Debug */,
				ABDDAD222BA14D2700C198C1 /* Release */,
			);
			defaultConfigurationIsVisible = 0;
			defaultConfigurationName = Release;
		};
/* End XCConfigurationList section */
	};
	rootObject = ABDDAD0A2BA14D2600C198C1 /* Project object */;
}
